
Microsoft Visual Studio Solution File, Format Version 12.00
# Visual Studio Version 17
VisualStudioVersion = 17.9.34607.119
MinimumVisualStudioVersion = 10.0.40219.1
Project("{9A19103F-16F7-4668-BE54-9A1E7A4F7556}") = "StudentAPI.Domain", "StudentCRUD.Domain\StudentAPI.Domain.csproj", "{A5896E6D-FB7D-4233-A26B-81F0215A5A57}"
EndProject
Project("{9A19103F-16F7-4668-BE54-9A1E7A4F7556}") = "StudentAPI.Application", "StudentCRUD.Application\StudentAPI.Application.csproj", "{8091C0D6-4D6D-4D88-A9AB-C1CA16BD84EE}"
EndProject
Project("{9A19103F-16F7-4668-BE54-9A1E7A4F7556}") = "StudentAPI.Infrastructure", "StudentCRUD.Infrastructure\StudentAPI.Infrastructure.csproj", "{8B9C2BE4-165E-451D-92BB-D5D3FC91D5D1}"
EndProject
Project("{9A19103F-16F7-4668-BE54-9A1E7A4F7556}") = "StudentAPI.Contract", "StudentCRUD.Contract\StudentAPI.Contract.csproj", "{CBBF11A7-3CC4-4F8C-9459-C00622819154}"
EndProject
Project("{FAE04EC0-301F-11D3-BF4B-00C04F79EFBC}") = "StudentAPI", "StudentAPI\StudentAPI.csproj", "{C253B5A1-C756-428F-BC9B-3B20F681FBC5}"
EndProject
Global
	GlobalSection(SolutionConfigurationPlatforms) = preSolution
		Debug|Any CPU = Debug|Any CPU
		Release|Any CPU = Release|Any CPU
	EndGlobalSection
	GlobalSection(ProjectConfigurationPlatforms) = postSolution
		{A5896E6D-FB7D-4233-A26B-81F0215A5A57}.Debug|Any CPU.ActiveCfg = Debug|Any CPU
		{A5896E6D-FB7D-4233-A26B-81F0215A5A57}.Debug|Any CPU.Build.0 = Debug|Any CPU
		{A5896E6D-FB7D-4233-A26B-81F0215A5A57}.Release|Any CPU.ActiveCfg = Release|Any CPU
		{A5896E6D-FB7D-4233-A26B-81F0215A5A57}.Release|Any CPU.Build.0 = Release|Any CPU
		{8091C0D6-4D6D-4D88-A9AB-C1CA16BD84EE}.Debug|Any CPU.ActiveCfg = Debug|Any CPU
		{8091C0D6-4D6D-4D88-A9AB-C1CA16BD84EE}.Debug|Any CPU.Build.0 = Debug|Any CPU
		{8091C0D6-4D6D-4D88-A9AB-C1CA16BD84EE}.Release|Any CPU.ActiveCfg = Release|Any CPU
		{8091C0D6-4D6D-4D88-A9AB-C1CA16BD84EE}.Release|Any CPU.Build.0 = Release|Any CPU
		{8B9C2BE4-165E-451D-92BB-D5D3FC91D5D1}.Debug|Any CPU.ActiveCfg = Debug|Any CPU
		{8B9C2BE4-165E-451D-92BB-D5D3FC91D5D1}.Debug|Any CPU.Build.0 = Debug|Any CPU
		{8B9C2BE4-165E-451D-92BB-D5D3FC91D5D1}.Release|Any CPU.ActiveCfg = Release|Any CPU
		{8B9C2BE4-165E-451D-92BB-D5D3FC91D5D1}.Release|Any CPU.Build.0 = Release|Any CPU
		{CBBF11A7-3CC4-4F8C-9459-C00622819154}.Debug|Any CPU.ActiveCfg = Debug|Any CPU
		{CBBF11A7-3CC4-4F8C-9459-C00622819154}.Debug|Any CPU.Build.0 = Debug|Any CPU
		{CBBF11A7-3CC4-4F8C-9459-C00622819154}.Release|Any CPU.ActiveCfg = Release|Any CPU
		{CBBF11A7-3CC4-4F8C-9459-C00622819154}.Release|Any CPU.Build.0 = Release|Any CPU
		{C253B5A1-C756-428F-BC9B-3B20F681FBC5}.Debug|Any CPU.ActiveCfg = Debug|Any CPU
		{C253B5A1-C756-428F-BC9B-3B20F681FBC5}.Debug|Any CPU.Build.0 = Debug|Any CPU
		{C253B5A1-C756-428F-BC9B-3B20F681FBC5}.Release|Any CPU.ActiveCfg = Release|Any CPU
		{C253B5A1-C756-428F-BC9B-3B20F681FBC5}.Release|Any CPU.Build.0 = Release|Any CPU
	EndGlobalSection
	GlobalSection(SolutionProperties) = preSolution
		HideSolutionNode = FALSE
	EndGlobalSection
	GlobalSection(ExtensibilityGlobals) = postSolution
		SolutionGuid = {BF76DF75-57CB-4ECA-B60C-7A4183824B4A}
	EndGlobalSection
EndGlobal
